Microsoft Visual Studio Solution File, Format Version 12.00
Project("{2150E333-8FDC-42A3-9474-1A3956D46DE8}") = "src", "src", "{E7B37013-19E0-4C91-89AF-34C8B26AE552}"
EndProject
Project("{FAE04EC0-301F-11D3-BF4B-00C04F79EFBC}") = "aoc-2019-csharp", "src\aoc-2019-csharp\aoc-2019-csharp.csproj", "{AAE62C86-A3AD-49B4-B3F7-F15A115E6FAD}"
EndProject
Project("{2150E333-8FDC-42A3-9474-1A3956D46DE8}") = "tests", "tests", "{94C17D8E-F16B-4EAF-87C1-2247FF73E3EF}"
EndProject
Project("{FAE04EC0-301F-11D3-BF4B-00C04F79EFBC}") = "aoc-2019-csharp-tests", "tests\aoc-2019-csharp-tests\aoc-2019-csharp-tests.csproj", "{5CB65406-E812-494D-8471-319F7815FA27}"
EndProject
Global
	GlobalSection(SolutionConfigurationPlatforms) = preSolution
		Debug|Any CPU = Debug|Any CPU
		Release|Any CPU = Release|Any CPU
	EndGlobalSection
	GlobalSection(ProjectConfigurationPlatforms) = postSolution
		{AAE62C86-A3AD-49B4-B3F7-F15A115E6FAD}.Debug|Any CPU.ActiveCfg = Debug|Any CPU
		{AAE62C86-A3AD-49B4-B3F7-F15A115E6FAD}.Debug|Any CPU.Build.0 = Debug|Any CPU
		{AAE62C86-A3AD-49B4-B3F7-F15A115E6FAD}.Release|Any CPU.ActiveCfg = Release|Any CPU
		{AAE62C86-A3AD-49B4-B3F7-F15A115E6FAD}.Release|Any CPU.Build.0 = Release|Any CPU
		{5CB65406-E812-494D-8471-319F7815FA27}.Debug|Any CPU.ActiveCfg = Debug|Any CPU
		{5CB65406-E812-494D-8471-319F7815FA27}.Debug|Any CPU.Build.0 = Debug|Any CPU
		{5CB65406-E812-494D-8471-319F7815FA27}.Release|Any CPU.ActiveCfg = Release|Any CPU
		{5CB65406-E812-494D-8471-319F7815FA27}.Release|Any CPU.Build.0 = Release|Any CPU
	EndGlobalSection
	GlobalSection(NestedProjects) = preSolution
		{AAE62C86-A3AD-49B4-B3F7-F15A115E6FAD} = {E7B37013-19E0-4C91-89AF-34C8B26AE552}
		{5CB65406-E812-494D-8471-319F7815FA27} = {94C17D8E-F16B-4EAF-87C1-2247FF73E3EF}
	EndGlobalSection
EndGlobal
